
Microsoft Visual Studio Solution File, Format Version 12.00
# Visual Studio 15
VisualStudioVersion = 15.0.26730.15
MinimumVisualStudioVersion = 10.0.40219.1
Project("{FAE04EC0-301F-11D3-BF4B-00C04F79EFBC}") = "Test.IBLL", "Test.IBLL\Test.IBLL.csproj", "{81FC0ADD-F137-4BB0-915F-9E94253B09B1}"
EndProject
Project("{FAE04EC0-301F-11D3-BF4B-00C04F79EFBC}") = "Test.BLL", "Test.BLL\Test.BLL.csproj", "{CF133BB4-6BDE-4208-B201-D7ABA4D7ABBB}"
EndProject
Project("{FAE04EC0-301F-11D3-BF4B-00C04F79EFBC}") = "Test.AppConsole", "Test.AppConsole\Test.AppConsole.csproj", "{1BD5C3CA-FC7D-4493-B8B1-45333B6ACCC1}"
EndProject
Project("{FAE04EC0-301F-11D3-BF4B-00C04F79EFBC}") = "Test.IDAL", "Test.IDAL\Test.IDAL.csproj", "{C2913411-D0D3-42FC-9BA4-DDF618EB1C47}"
EndProject
Project("{FAE04EC0-301F-11D3-BF4B-00C04F79EFBC}") = "Test.DAL", "Test.DAL\Test.DAL.csproj", "{D83AB07A-47AC-46CF-B9AF-FEA529F563FF}"
EndProject
Project("{2150E333-8FDC-42A3-9474-1A3956D46DE8}") = "00 Libs", "00 Libs", "{9E14017D-C1B3-4F1D-A6FD-D1BD4486E37F}"
EndProject
Project("{2150E333-8FDC-42A3-9474-1A3956D46DE8}") = "01 Common", "01 Common", "{DA2DD515-AB5A-4BC9-B3BA-A97F0C491101}"
EndProject
Project("{2150E333-8FDC-42A3-9474-1A3956D46DE8}") = "02 DoMainModel", "02 DoMainModel", "{F453CEF2-67A2-49BF-97B2-ECAE6F560142}"
EndProject
Project("{2150E333-8FDC-42A3-9474-1A3956D46DE8}") = "03 CacheBLL", "03 CacheBLL", "{7C7A0C21-BF39-4808-829E-21CD5C2DFAB6}"
EndProject
Project("{2150E333-8FDC-42A3-9474-1A3956D46DE8}") = "04 BLL", "04 BLL", "{E27B05BD-69B9-45F9-938D-9CC2286F9F16}"
EndProject
Project("{2150E333-8FDC-42A3-9474-1A3956D46DE8}") = "05 Service Api", "05 Service Api", "{A85D0744-8C1A-44B1-8ECD-1D1A161626DD}"
EndProject
Project("{2150E333-8FDC-42A3-9474-1A3956D46DE8}") = "06 UserInterface", "06 UserInterface", "{DD9E7C64-E582-4027-B07E-D999D8E28E58}"
EndProject
Project("{2150E333-8FDC-42A3-9474-1A3956D46DE8}") = "NetEFDemo", "NetEFDemo", "{522A2C53-360E-4E19-AC63-3F4282494777}"
EndProject
Project("{2150E333-8FDC-42A3-9474-1A3956D46DE8}") = "NetCoreDemo", "NetCoreDemo", "{0AE7456B-23A4-4FA5-9BC7-CA99914912FA}"
EndProject
Project("{2150E333-8FDC-42A3-9474-1A3956D46DE8}") = "ProjStructure", "ProjStructure", "{1E9895CC-DACC-4558-B3A7-15975F12E481}"
	ProjectSection(SolutionItems) = preProject
		Project.txt = Project.txt
		项目介绍.txt = 项目介绍.txt
		项目结构说明.jpg = 项目结构说明.jpg
	EndProjectSection
EndProject
Project("{2150E333-8FDC-42A3-9474-1A3956D46DE8}") = "Business Logic Layer", "Business Logic Layer", "{94510675-E3AF-4805-B2F3-33CA8AB6FBE2}"
EndProject
Project("{2150E333-8FDC-42A3-9474-1A3956D46DE8}") = "Data Accss Layer", "Data Accss Layer", "{616F711E-EE87-43B0-AB35-05454101600B}"
EndProject
Project("{FAE04EC0-301F-11D3-BF4B-00C04F79EFBC}") = "Test.DALNew", "Test.DALNew\Test.DALNew.csproj", "{DF4A294D-55D1-42B2-8C84-C989C8E53192}"
EndProject
Project("{FAE04EC0-301F-11D3-BF4B-00C04F79EFBC}") = "Test.BLLNew", "Test.BLLNew\Test.BLLNew.csproj", "{AB8DE1B9-80C9-4B40-8C4E-AEB74329DEF7}"
EndProject
Project("{FAE04EC0-301F-11D3-BF4B-00C04F79EFBC}") = "Test.BDFactory", "Test.BDFactory\Test.BDFactory.csproj", "{952B957D-4B13-4FE4-9A95-00E8791F9D43}"
EndProject
Project("{FAE04EC0-301F-11D3-BF4B-00C04F79EFBC}") = "Test.DIPWeb", "Test.DIPWeb\Test.DIPWeb.csproj", "{DB875FD9-6000-464D-AB17-4BCEE5A79AAA}"
EndProject
Project("{FAE04EC0-301F-11D3-BF4B-00C04F79EFBC}") = "Test.Model", "Test.Model\Test.Model.csproj", "{B502DCB4-94B7-4002-A051-2D1B410D0CEE}"
EndProject
Project("{2150E333-8FDC-42A3-9474-1A3956D46DE8}") = "User Interface", "User Interface", "{02EAE519-7FCA-4A02-AEA9-8E08640C419C}"
EndProject
Project("{FAE04EC0-301F-11D3-BF4B-00C04F79EFBC}") = "Test.EFramework", "Test.EFramework\Test.EFramework.csproj", "{51E96F06-434F-481D-8D5D-118475AE0927}"
EndProject
Project("{9A19103F-16F7-4668-BE54-9A1E7A4F7556}") = "Test.CoreWebApi", "Test.CoreWebApi\Test.CoreWebApi.csproj", "{EB7B1D7E-DECD-4C30-9AB5-35F7DC373694}"
EndProject
Project("{9A19103F-16F7-4668-BE54-9A1E7A4F7556}") = "Test.CoreWeb", "Test.CoreWeb\Test.CoreWeb.csproj", "{DEAD4DCF-997E-4BD6-8A5D-24889B8773C3}"
EndProject
Project("{9A19103F-16F7-4668-BE54-9A1E7A4F7556}") = "Test.CoreMvc", "Test.CoreMvc\Test.CoreMvc.csproj", "{3C93B204-522B-400D-A8D5-9CDDD07C04EB}"
EndProject
Project("{9A19103F-16F7-4668-BE54-9A1E7A4F7556}") = "Test.CoreWebMvc", "Test.CoreWebMvc\Test.CoreWebMvc.csproj", "{19A70AC9-471B-4C4B-ACF1-DF84BC968FBD}"
EndProject
Project("{FAE04EC0-301F-11D3-BF4B-00C04F79EFBC}") = "Test.Common", "Test.Common\Test.Common.csproj", "{DE249C95-C722-477B-AFDE-6C64567CEB4B}"
EndProject
Global
	GlobalSection(SolutionConfigurationPlatforms) = preSolution
		Debug|Any CPU = Debug|Any CPU
		Release|Any CPU = Release|Any CPU
	EndGlobalSection
	GlobalSection(ProjectConfigurationPlatforms) = postSolution
		{81FC0ADD-F137-4BB0-915F-9E94253B09B1}.Debug|Any CPU.ActiveCfg = Debug|Any CPU
		{81FC0ADD-F137-4BB0-915F-9E94253B09B1}.Debug|Any CPU.Build.0 = Debug|Any CPU
		{81FC0ADD-F137-4BB0-915F-9E94253B09B1}.Release|Any CPU.ActiveCfg = Release|Any CPU
		{81FC0ADD-F137-4BB0-915F-9E94253B09B1}.Release|Any CPU.Build.0 = Release|Any CPU
		{CF133BB4-6BDE-4208-B201-D7ABA4D7ABBB}.Debug|Any CPU.ActiveCfg = Debug|Any CPU
		{CF133BB4-6BDE-4208-B201-D7ABA4D7ABBB}.Debug|Any CPU.Build.0 = Debug|Any CPU
		{CF133BB4-6BDE-4208-B201-D7ABA4D7ABBB}.Release|Any CPU.ActiveCfg = Release|Any CPU
		{CF133BB4-6BDE-4208-B201-D7ABA4D7ABBB}.Release|Any CPU.Build.0 = Release|Any CPU
		{1BD5C3CA-FC7D-4493-B8B1-45333B6ACCC1}.Debug|Any CPU.ActiveCfg = Debug|Any CPU
		{1BD5C3CA-FC7D-4493-B8B1-45333B6ACCC1}.Debug|Any CPU.Build.0 = Debug|Any CPU
		{1BD5C3CA-FC7D-4493-B8B1-45333B6ACCC1}.Release|Any CPU.ActiveCfg = Release|Any CPU
		{1BD5C3CA-FC7D-4493-B8B1-45333B6ACCC1}.Release|Any CPU.Build.0 = Release|Any CPU
		{C2913411-D0D3-42FC-9BA4-DDF618EB1C47}.Debug|Any CPU.ActiveCfg = Debug|Any CPU
		{C2913411-D0D3-42FC-9BA4-DDF618EB1C47}.Debug|Any CPU.Build.0 = Debug|Any CPU
		{C2913411-D0D3-42FC-9BA4-DDF618EB1C47}.Release|Any CPU.ActiveCfg = Release|Any CPU
		{C2913411-D0D3-42FC-9BA4-DDF618EB1C47}.Release|Any CPU.Build.0 = Release|Any CPU
		{D83AB07A-47AC-46CF-B9AF-FEA529F563FF}.Debug|Any CPU.ActiveCfg = Debug|Any CPU
		{D83AB07A-47AC-46CF-B9AF-FEA529F563FF}.Debug|Any CPU.Build.0 = Debug|Any CPU
		{D83AB07A-47AC-46CF-B9AF-FEA529F563FF}.Release|Any CPU.ActiveCfg = Release|Any CPU
		{D83AB07A-47AC-46CF-B9AF-FEA529F563FF}.Release|Any CPU.Build.0 = Release|Any CPU
		{DF4A294D-55D1-42B2-8C84-C989C8E53192}.Debug|Any CPU.ActiveCfg = Debug|Any CPU
		{DF4A294D-55D1-42B2-8C84-C989C8E53192}.Debug|Any CPU.Build.0 = Debug|Any CPU
		{DF4A294D-55D1-42B2-8C84-C989C8E53192}.Release|Any CPU.ActiveCfg = Release|Any CPU
		{DF4A294D-55D1-42B2-8C84-C989C8E53192}.Release|Any CPU.Build.0 = Release|Any CPU
		{AB8DE1B9-80C9-4B40-8C4E-AEB74329DEF7}.Debug|Any CPU.ActiveCfg = Debug|Any CPU
		{AB8DE1B9-80C9-4B40-8C4E-AEB74329DEF7}.Debug|Any CPU.Build.0 = Debug|Any CPU
		{AB8DE1B9-80C9-4B40-8C4E-AEB74329DEF7}.Release|Any CPU.ActiveCfg = Release|Any CPU
		{AB8DE1B9-80C9-4B40-8C4E-AEB74329DEF7}.Release|Any CPU.Build.0 = Release|Any CPU
		{952B957D-4B13-4FE4-9A95-00E8791F9D43}.Debug|Any CPU.ActiveCfg = Debug|Any CPU
		{952B957D-4B13-4FE4-9A95-00E8791F9D43}.Debug|Any CPU.Build.0 = Debug|Any CPU
		{952B957D-4B13-4FE4-9A95-00E8791F9D43}.Release|Any CPU.ActiveCfg = Release|Any CPU
		{952B957D-4B13-4FE4-9A95-00E8791F9D43}.Release|Any CPU.Build.0 = Release|Any CPU
		{DB875FD9-6000-464D-AB17-4BCEE5A79AAA}.Debug|Any CPU.ActiveCfg = Debug|Any CPU
		{DB875FD9-6000-464D-AB17-4BCEE5A79AAA}.Debug|Any CPU.Build.0 = Debug|Any CPU
		{DB875FD9-6000-464D-AB17-4BCEE5A79AAA}.Release|Any CPU.ActiveCfg = Release|Any CPU
		{DB875FD9-6000-464D-AB17-4BCEE5A79AAA}.Release|Any CPU.Build.0 = Release|Any CPU
		{B502DCB4-94B7-4002-A051-2D1B410D0CEE}.Debug|Any CPU.ActiveCfg = Debug|Any CPU
		{B502DCB4-94B7-4002-A051-2D1B410D0CEE}.Debug|Any CPU.Build.0 = Debug|Any CPU
		{B502DCB4-94B7-4002-A051-2D1B410D0CEE}.Release|Any CPU.ActiveCfg = Release|Any CPU
		{B502DCB4-94B7-4002-A051-2D1B410D0CEE}.Release|Any CPU.Build.0 = Release|Any CPU
		{51E96F06-434F-481D-8D5D-118475AE0927}.Debug|Any CPU.ActiveCfg = Debug|Any CPU
		{51E96F06-434F-481D-8D5D-118475AE0927}.Debug|Any CPU.Build.0 = Debug|Any CPU
		{51E96F06-434F-481D-8D5D-118475AE0927}.Release|Any CPU.ActiveCfg = Release|Any CPU
		{51E96F06-434F-481D-8D5D-118475AE0927}.Release|Any CPU.Build.0 = Release|Any CPU
		{EB7B1D7E-DECD-4C30-9AB5-35F7DC373694}.Debug|Any CPU.ActiveCfg = Debug|Any CPU
		{EB7B1D7E-DECD-4C30-9AB5-35F7DC373694}.Debug|Any CPU.Build.0 = Debug|Any CPU
		{EB7B1D7E-DECD-4C30-9AB5-35F7DC373694}.Release|Any CPU.ActiveCfg = Release|Any CPU
		{EB7B1D7E-DECD-4C30-9AB5-35F7DC373694}.Release|Any CPU.Build.0 = Release|Any CPU
		{DEAD4DCF-997E-4BD6-8A5D-24889B8773C3}.Debug|Any CPU.ActiveCfg = Debug|Any CPU
		{DEAD4DCF-997E-4BD6-8A5D-24889B8773C3}.Debug|Any CPU.Build.0 = Debug|Any CPU
		{DEAD4DCF-997E-4BD6-8A5D-24889B8773C3}.Release|Any CPU.ActiveCfg = Release|Any CPU
		{DEAD4DCF-997E-4BD6-8A5D-24889B8773C3}.Release|Any CPU.Build.0 = Release|Any CPU
		{3C93B204-522B-400D-A8D5-9CDDD07C04EB}.Debug|Any CPU.ActiveCfg = Debug|Any CPU
		{3C93B204-522B-400D-A8D5-9CDDD07C04EB}.Debug|Any CPU.Build.0 = Debug|Any CPU
		{3C93B204-522B-400D-A8D5-9CDDD07C04EB}.Release|Any CPU.ActiveCfg = Release|Any CPU
		{3C93B204-522B-400D-A8D5-9CDDD07C04EB}.Release|Any CPU.Build.0 = Release|Any CPU
		{19A70AC9-471B-4C4B-ACF1-DF84BC968FBD}.Debug|Any CPU.ActiveCfg = Debug|Any CPU
		{19A70AC9-471B-4C4B-ACF1-DF84BC968FBD}.Debug|Any CPU.Build.0 = Debug|Any CPU
		{19A70AC9-471B-4C4B-ACF1-DF84BC968FBD}.Release|Any CPU.ActiveCfg = Release|Any CPU
		{19A70AC9-471B-4C4B-ACF1-DF84BC968FBD}.Release|Any CPU.Build.0 = Release|Any CPU
		{DE249C95-C722-477B-AFDE-6C64567CEB4B}.Debug|Any CPU.ActiveCfg = Debug|Any CPU
		{DE249C95-C722-477B-AFDE-6C64567CEB4B}.Debug|Any CPU.Build.0 = Debug|Any CPU
		{DE249C95-C722-477B-AFDE-6C64567CEB4B}.Release|Any CPU.ActiveCfg = Release|Any CPU
		{DE249C95-C722-477B-AFDE-6C64567CEB4B}.Release|Any CPU.Build.0 = Release|Any CPU
	EndGlobalSection
	GlobalSection(SolutionProperties) = preSolution
		HideSolutionNode = FALSE
	EndGlobalSection
	GlobalSection(NestedProjects) = preSolution
		{81FC0ADD-F137-4BB0-915F-9E94253B09B1} = {522A2C53-360E-4E19-AC63-3F4282494777}
		{CF133BB4-6BDE-4208-B201-D7ABA4D7ABBB} = {94510675-E3AF-4805-B2F3-33CA8AB6FBE2}
		{1BD5C3CA-FC7D-4493-B8B1-45333B6ACCC1} = {02EAE519-7FCA-4A02-AEA9-8E08640C419C}
		{C2913411-D0D3-42FC-9BA4-DDF618EB1C47} = {522A2C53-360E-4E19-AC63-3F4282494777}
		{D83AB07A-47AC-46CF-B9AF-FEA529F563FF} = {616F711E-EE87-43B0-AB35-05454101600B}
		{9E14017D-C1B3-4F1D-A6FD-D1BD4486E37F} = {1E9895CC-DACC-4558-B3A7-15975F12E481}
		{DA2DD515-AB5A-4BC9-B3BA-A97F0C491101} = {1E9895CC-DACC-4558-B3A7-15975F12E481}
		{F453CEF2-67A2-49BF-97B2-ECAE6F560142} = {1E9895CC-DACC-4558-B3A7-15975F12E481}
		{7C7A0C21-BF39-4808-829E-21CD5C2DFAB6} = {1E9895CC-DACC-4558-B3A7-15975F12E481}
		{E27B05BD-69B9-45F9-938D-9CC2286F9F16} = {1E9895CC-DACC-4558-B3A7-15975F12E481}
		{A85D0744-8C1A-44B1-8ECD-1D1A161626DD} = {1E9895CC-DACC-4558-B3A7-15975F12E481}
		{DD9E7C64-E582-4027-B07E-D999D8E28E58} = {1E9895CC-DACC-4558-B3A7-15975F12E481}
		{94510675-E3AF-4805-B2F3-33CA8AB6FBE2} = {522A2C53-360E-4E19-AC63-3F4282494777}
		{616F711E-EE87-43B0-AB35-05454101600B} = {522A2C53-360E-4E19-AC63-3F4282494777}
		{DF4A294D-55D1-42B2-8C84-C989C8E53192} = {616F711E-EE87-43B0-AB35-05454101600B}
		{AB8DE1B9-80C9-4B40-8C4E-AEB74329DEF7} = {94510675-E3AF-4805-B2F3-33CA8AB6FBE2}
		{952B957D-4B13-4FE4-9A95-00E8791F9D43} = {522A2C53-360E-4E19-AC63-3F4282494777}
		{DB875FD9-6000-464D-AB17-4BCEE5A79AAA} = {02EAE519-7FCA-4A02-AEA9-8E08640C419C}
		{B502DCB4-94B7-4002-A051-2D1B410D0CEE} = {522A2C53-360E-4E19-AC63-3F4282494777}
		{02EAE519-7FCA-4A02-AEA9-8E08640C419C} = {522A2C53-360E-4E19-AC63-3F4282494777}
		{51E96F06-434F-481D-8D5D-118475AE0927} = {616F711E-EE87-43B0-AB35-05454101600B}
		{EB7B1D7E-DECD-4C30-9AB5-35F7DC373694} = {0AE7456B-23A4-4FA5-9BC7-CA99914912FA}
		{DEAD4DCF-997E-4BD6-8A5D-24889B8773C3} = {0AE7456B-23A4-4FA5-9BC7-CA99914912FA}
		{3C93B204-522B-400D-A8D5-9CDDD07C04EB} = {0AE7456B-23A4-4FA5-9BC7-CA99914912FA}
		{19A70AC9-471B-4C4B-ACF1-DF84BC968FBD} = {0AE7456B-23A4-4FA5-9BC7-CA99914912FA}
		{DE249C95-C722-477B-AFDE-6C64567CEB4B} = {522A2C53-360E-4E19-AC63-3F4282494777}
	EndGlobalSection
	GlobalSection(ExtensibilityGlobals) = postSolution
		SolutionGuid = {C3DFC5A3-A92E-4C50-BBBF-5AB2E3DE0E2D}
	EndGlobalSection
EndGlobal
